// !$*UTF8*$!
{
	archiveVersion = 1;
	classes = {
	};
	objectVersion = 50;
	objects = {

/* Begin PBXBuildFile section */
		8132E26524A3203C00BB2F2E /* AppDelegate.swift in Sources */ = {isa = PBXBuildFile; fileRef = 8132E26424A3203C00BB2F2E /* AppDelegate.swift */; };
		8132E26724A3203C00BB2F2E /* SceneDelegate.swift in Sources */ = {isa = PBXBuildFile; fileRef = 8132E26624A3203C00BB2F2E /* SceneDelegate.swift */; };
		8132E26924A3203C00BB2F2E /* ViewController.swift in Sources */ = {isa = PBXBuildFile; fileRef = 8132E26824A3203C00BB2F2E /* ViewController.swift */; };
		8132E26C24A3203C00BB2F2E /* Main.storyboard in Resources */ = {isa = PBXBuildFile; fileRef = 8132E26A24A3203C00BB2F2E /* Main.storyboard */; };
		8132E26E24A3203F00BB2F2E /* Assets.xcassets in Resources */ = {isa = PBXBuildFile; fileRef = 8132E26D24A3203F00BB2F2E /* Assets.xcassets */; };
		8132E27124A3203F00BB2F2E /* LaunchScreen.storyboard in Resources */ = {isa = PBXBuildFile; fileRef = 8132E26F24A3203F00BB2F2E /* LaunchScreen.storyboard */; };
/* End PBXBuildFile section */

/* Begin PBXFileReference section */
		8132E26124A3203C00BB2F2E /* i_am_rich.app */ = {isa = PBXFileReference; explicitFileType = wrapper.application; includeInIndex = 0; path = i_am_rich.app; sourceTree = BUILT_PRODUCTS_DIR; };
		8132E26424A3203C00BB2F2E /* AppDelegate.swift */ = {isa = PBXFileReference; lastKnownFileType = sourcecode.swift; path = AppDelegate.swift; sourceTree = "<group>"; };
		8132E26624A3203C00BB2F2E /* SceneDelegate.swift */ = {isa = PBXFileReference; lastKnownFileType = sourcecode.swift; path = SceneDelegate.swift; sourceTree = "<group>"; };
		8132E26824A3203C00BB2F2E /* ViewController.swift */ = {isa = PBXFileReference; lastKnownFileType = sourcecode.swift; path = ViewController.swift; sourceTree = "<group>"; };
		8132E26B24A3203C00BB2F2E /* Base */ = {isa = PBXFileReference; lastKnownFileType = file.storyboard; name = Base; path = Base.lproj/Main.storyboard; sourceTree = "<group>"; };
		8132E26D24A3203F00BB2F2E /* Assets.xcassets */ = {isa = PBXFileReference; lastKnownFileType = folder.assetcatalog; path = Assets.xcassets; sourceTree = "<group>"; };
		8132E27024A3203F00BB2F2E /* Base */ = {isa = PBXFileReference; lastKnownFileType = file.storyboard; name = Base; path = Base.lproj/LaunchScreen.storyboard; sourceTree = "<group>"; };
		8132E27224A3203F00BB2F2E /* Info.plist */ = {isa = PBXFileReference; lastKnownFileType = text.plist.xml; path = Info.plist; sourceTree = "<group>"; };
/* End PBXFileReference section */

/* Begin PBXFrameworksBuildPhase section */
		8132E25E24A3203C00BB2F2E /* Frameworks */ = {
			isa = PBXFrameworksBuildPhase;
			buildActionMask = 2147483647;
			files = (
			);
			runOnlyForDeploymentPostprocessing = 0;
		};
/* End PBXFrameworksBuildPhase section */

/* Begin PBXGroup section */
		8132E25824A3203C00BB2F2E = {
			isa = PBXGroup;
			children = (
				8132E26324A3203C00BB2F2E /* i_am_rich */,
				8132E26224A3203C00BB2F2E /* Products */,
			);
			sourceTree = "<group>";
		};
		8132E26224A3203C00BB2F2E /* Products */ = {
			isa = PBXGroup;
			children = (
				8132E26124A3203C00BB2F2E /* i_am_rich.app */,
			);
			name = Products;
			sourceTree = "<group>";
		};
		8132E26324A3203C00BB2F2E /* i_am_rich */ = {
			isa = PBXGroup;
			children = (
				8132E26424A3203C00BB2F2E /* AppDelegate.swift */,
				8132E26624A3203C00BB2F2E /* SceneDelegate.swift */,
				8132E26824A3203C00BB2F2E /* ViewController.swift */,
				8132E26A24A3203C00BB2F2E /* Main.storyboard */,
				8132E26D24A3203F00BB2F2E /* Assets.xcassets */,
				8132E26F24A3203F00BB2F2E /* LaunchScreen.storyboard */,
				8132E27224A3203F00BB2F2E /* Info.plist */,
			);
			path = i_am_rich;
			sourceTree = "<group>";
		};
/* End PBXGroup section */

/* Begin PBXNativeTarget section */
		8132E26024A3203C00BB2F2E /* i_am_rich */ = {
			isa = PBXNativeTarget;
			buildConfigurationList = 8132E27524A3203F00BB2F2E /* Build configuration list for PBXNativeTarget "i_am_rich" */;
			buildPhases = (
				8132E25D24A3203C00BB2F2E /* Sources */,
				8132E25E24A3203C00BB2F2E /* Frameworks */,
				8132E25F24A3203C00BB2F2E /* Resources */,
			);
			buildRules = (
			);
			dependencies = (
			);
			name = i_am_rich;
			productName = i_am_rich;
			productReference = 8132E26124A3203C00BB2F2E /* i_am_rich.app */;
			productType = "com.apple.product-type.application";
		};
/* End PBXNativeTarget section */

/* Begin PBXProject section */
		8132E25924A3203C00BB2F2E /* Project object */ = {
			isa = PBXProject;
			attributes = {
				LastSwiftUpdateCheck = 1140;
				LastUpgradeCheck = 1140;
				ORGANIZATIONNAME = Jen;
				TargetAttributes = {
					8132E26024A3203C00BB2F2E = {
						CreatedOnToolsVersion = 11.4;
					};
				};
			};
			buildConfigurationList = 8132E25C24A3203C00BB2F2E /* Build configuration list for PBXProject "i_am_rich" */;
			compatibilityVersion = "Xcode 9.3";
			developmentRegion = en;
			hasScannedForEncodings = 0;
			knownRegions = (
				en,
				Base,
			);
			mainGroup = 8132E25824A3203C00BB2F2E;
			productRefGroup = 8132E26224A3203C00BB2F2E /* Products */;
			projectDirPath = "";
			projectRoot = "";
			targets = (
				8132E26024A3203C00BB2F2E /* i_am_rich */,
			);
		};
/* End PBXProject section */

/* Begin PBXResourcesBuildPhase section */
		8132E25F24A3203C00BB2F2E /* Resources */ = {
			isa = PBXResourcesBuildPhase;
			buildActionMask = 2147483647;
			files = (
				8132E27124A3203F00BB2F2E /* LaunchScreen.storyboard in Resources */,
				8132E26E24A3203F00BB2F2E /* Assets.xcassets in Resources */,
				8132E26C24A3203C00BB2F2E /* Main.storyboard in Resources */,
			);
			runOnlyForDeploymentPostprocessing = 0;
		};
/* End PBXResourcesBuildPhase section */

/* Begin PBXSourcesBuildPhase section */
		8132E25D24A3203C00BB2F2E /* Sources */ = {
			isa = PBXSourcesBuildPhase;
			buildActionMask = 2147483647;
			files = (
				8132E26924A3203C00BB2F2E /* ViewController.swift in Sources */,
				8132E26524A3203C00BB2F2E /* AppDelegate.swift in Sources */,
				8132E26724A3203C00BB2F2E /* SceneDelegate.swift in Sources */,
			);
			runOnlyForDeploymentPostprocessing = 0;
		};
/* End PBXSourcesBuildPhase section */

/* Begin PBXVariantGroup section */
		8132E26A24A3203C00BB2F2E /* Main.storyboard */ = {
			isa = PBXVariantGroup;
			children = (
				8132E26B24A3203C00BB2F2E /* Base */,
			);
			name = Main.storyboard;
			sourceTree = "<group>";
		};
		8132E26F24A3203F00BB2F2E /* LaunchScreen.storyboard */ = {
			isa = PBXVariantGroup;
			children = (
				8132E27024A3203F00BB2F2E /* Base */,
			);
			name = LaunchScreen.storyboard;
			sourceTree = "<group>";
		};
/* End PBXVariantGroup section */

/* Begin XCBuildConfiguration section */
		8132E27324A3203F00BB2F2E /* Debug */ = {
			isa = XCBuildConfiguration;
			buildSettings = {
				ALWAYS_SEARCH_USER_PATHS = NO;
				CLANG_ANALYZER_NONNULL = YES;
				CLANG_ANALYZER_NUMBER_OBJECT_CONVERSION = YES_AGGRESSIVE;
				CLANG_CXX_LANGUAGE_STANDARD = "gnu++14";
				CLANG_CXX_LIBRARY = "libc++";
				CLANG_ENABLE_MODULES = YES;
				CLANG_ENABLE_OBJC_ARC = YES;
				CLANG_ENABLE_OBJC_WEAK = YES;
				CLANG_WARN_BLOCK_CAPTURE_AUTORELEASING = YES;
				CLANG_WARN_BOOL_CONVERSION = YES;
				CLANG_WARN_COMMA = YES;
				CLANG_WARN_CONSTANT_CONVERSION = YES;
				CLANG_WARN_DEPRECATED_OBJC_IMPLEMENTATIONS = YES;
				CLANG_WARN_DIRECT_OBJC_ISA_USAGE = YES_ERROR;
				CLANG_WARN_DOCUMENTATION_COMMENTS = YES;
				CLANG_WARN_EMPTY_BODY = YES;
				CLANG_WARN_ENUM_CONVERSION = YES;
				CLANG_WARN_INFINITE_RECURSION = YES;
				CLANG_WARN_INT_CONVERSION = YES;
				CLANG_WARN_NON_LITERAL_NULL_CONVERSION = YES;
				CLANG_WARN_OBJC_IMPLICIT_RETAIN_SELF = YES;
				CLANG_WARN_OBJC_LITERAL_CONVERSION = YES;
				CLANG_WARN_OBJC_ROOT_CLASS = YES_ERROR;
				CLANG_WARN_RANGE_LOOP_ANALYSIS = YES;
				CLANG_WARN_STRICT_PROTOTYPES = YES;
				CLANG_WARN_SUSPICIOUS_MOVE = YES;
				CLANG_WARN_UNGUARDED_AVAILABILITY = YES_AGGRESSIVE;
				CLANG_WARN_UNREACHABLE_CODE = YES;
				CLANG_WARN__DUPLICATE_METHOD_MATCH = YES;
				COPY_PHASE_STRIP = NO;
				DEBUG_INFORMATION_FORMAT = dwarf;
				ENABLE_STRICT_OBJC_MSGSEND = YES;
				ENABLE_TESTABILITY = YES;
				GCC_C_LANGUAGE_STANDARD = gnu11;
				GCC_DYNAMIC_NO_PIC = NO;
				GCC_NO_COMMON_BLOCKS = YES;
				GCC_OPTIMIZATION_LEVEL = 0;
				GCC_PREPROCESSOR_DEFINITIONS = (
					"DEBUG=1",
					"$(inherited)",
				);
				GCC_WARN_64_TO_32_BIT_CONVERSION = YES;
				GCC_WARN_ABOUT_RETURN_TYPE = YES_ERROR;
				GCC_WARN_UNDECLARED_SELECTOR = YES;
				GCC_WARN_UNINITIALIZED_AUTOS = YES_AGGRESSIVE;
				GCC_WARN_UNUSED_FUNCTION = YES;
				GCC_WARN_UNUSED_VARIABLE = YES;
				IPHONEOS_DEPLOYMENT_TARGET = 13.4;
				MTL_ENABLE_DEBUG_INFO = INCLUDE_SOURCE;
				MTL_FAST_MATH = YES;
				ONLY_ACTIVE_ARCH = YES;
				SDKROOT = iphoneos;
				SWIFT_ACTIVE_COMPILATION_CONDITIONS = DEBUG;
				SWIFT_OPTIMIZATION_LEVEL = "-Onone";
			};
			name = Debug;
		};
		8132E27424A3203F00BB2F2E /* Release */ = {
			isa = XCBuildConfiguration;
			buildSettings = {
				ALWAYS_SEARCH_USER_PATHS = NO;
				CLANG_ANALYZER_NONNULL = YES;
				CLANG_ANALYZER_NUMBER_OBJECT_CONVERSION = YES_AGGRESSIVE;
				CLANG_CXX_LANGUAGE_STANDARD = "gnu++14";
				CLANG_CXX_LIBRARY = "libc++";
				CLANG_ENABLE_MODULES = YES;
				CLANG_ENABLE_OBJC_ARC = YES;
				CLANG_ENABLE_OBJC_WEAK = YES;
				CLANG_WARN_BLOCK_CAPTURE_AUTORELEASING = YES;
				CLANG_WARN_BOOL_CONVERSION = YES;
				CLANG_WARN_COMMA = YES;
				CLANG_WARN_CONSTANT_CONVERSION = YES;
				CLANG_WARN_DEPRECATED_OBJC_IMPLEMENTATIONS = YES;
				CLANG_WARN_DIRECT_OBJC_ISA_USAGE = YES_ERROR;
				CLANG_WARN_DOCUMENTATION_COMMENTS = YES;
				CLANG_WARN_EMPTY_BODY = YES;
				CLANG_WARN_ENUM_CONVERSION = YES;
				CLANG_WARN_INFINITE_RECURSION = YES;
				CLANG_WARN_INT_CONVERSION = YES;
				CLANG_WARN_NON_LITERAL_NULL_CONVERSION = YES;
				CLANG_WARN_OBJC_IMPLICIT_RETAIN_SELF = YES;
				CLANG_WARN_OBJC_LITERAL_CONVERSION = YES;
				CLANG_WARN_OBJC_ROOT_CLASS = YES_ERROR;
				CLANG_WARN_RANGE_LOOP_ANALYSIS = YES;
				CLANG_WARN_STRICT_PROTOTYPES = YES;
				CLANG_WARN_SUSPICIOUS_MOVE = YES;
				CLANG_WARN_UNGUARDED_AVAILABILITY = YES_AGGRESSIVE;
				CLANG_WARN_UNREACHABLE_CODE = YES;
				CLANG_WARN__DUPLICATE_METHOD_MATCH = YES;
				COPY_PHASE_STRIP = NO;
				DEBUG_INFORMATION_FORMAT = "dwarf-with-dsym";
				ENABLE_NS_ASSERTIONS = NO;
				ENABLE_STRICT_OBJC_MSGSEND = YES;
				GCC_C_LANGUAGE_STANDARD = gnu11;
				GCC_NO_COMMON_BLOCKS = YES;
				GCC_WARN_64_TO_32_BIT_CONVERSION = YES;
				GCC_WARN_ABOUT_RETURN_TYPE = YES_ERROR;
				GCC_WARN_UNDECLARED_SELECTOR = YES;
				GCC_WARN_UNINITIALIZED_AUTOS = YES_AGGRESSIVE;
				GCC_WARN_UNUSED_FUNCTION = YES;
				GCC_WARN_UNUSED_VARIABLE = YES;
				IPHONEOS_DEPLOYMENT_TARGET = 13.4;
				MTL_ENABLE_DEBUG_INFO = NO;
				MTL_FAST_MATH = YES;
				SDKROOT = iphoneos;
				SWIFT_COMPILATION_MODE = wholemodule;
				SWIFT_OPTIMIZATION_LEVEL = "-O";
				VALIDATE_PRODUCT = YES;
			};
			name = Release;
		};
		8132E27624A3203F00BB2F2E /* Debug */ = {
			isa = XCBuildConfiguration;
			buildSettings = {
				ASSETCATALOG_COMPILER_APPICON_NAME = AppIcon;
				CODE_SIGN_STYLE = Automatic;
				INFOPLIST_FILE = i_am_rich/Info.plist;
				LD_RUNPATH_SEARCH_PATHS = (
					"$(inherited)",
					"@executable_path/Frameworks",
				);
				PRODUCT_BUNDLE_IDENTIFIER = "com.jenyoum.i-am-rich";
				PRODUCT_NAME = "$(TARGET_NAME)";
				SWIFT_VERSION = 5.0;
				TARGETED_DEVICE_FAMILY = "1,2";
			};
			name = Debug;
		};
		8132E27724A3203F00BB2F2E /* Release */ = {
			isa = XCBuildConfiguration;
			buildSettings = {
				ASSETCATALOG_COMPILER_APPICON_NAME = AppIcon;
				CODE_SIGN_STYLE = Automatic;
				INFOPLIST_FILE = i_am_rich/Info.plist;
				LD_RUNPATH_SEARCH_PATHS = (
					"$(inherited)",
					"@executable_path/Frameworks",
				);
				PRODUCT_BUNDLE_IDENTIFIER = "com.jenyoum.i-am-rich";
				PRODUCT_NAME = "$(TARGET_NAME)";
				SWIFT_VERSION = 5.0;
				TARGETED_DEVICE_FAMILY = "1,2";
			};
			name = Release;
		};
/* End XCBuildConfiguration section */

/* Begin XCConfigurationList section */
		8132E25C24A3203C00BB2F2E /* Build configuration list for PBXProject "i_am_rich" */ = {
			isa = XCConfigurationList;
			buildConfigurations = (
				8132E27324A3203F00BB2F2E /* Debug */,
				8132E27424A3203F00BB2F2E /* Release */,
			);
			defaultConfigurationIsVisible = 0;
			defaultConfigurationName = Release;
		};
		8132E27524A3203F00BB2F2E /* Build configuration list for PBXNativeTarget "i_am_rich" */ = {
			isa = XCConfigurationList;
			buildConfigurations = (
				8132E27624A3203F00BB2F2E /* Debug */,
				8132E27724A3203F00BB2F2E /* Release */,
			);
			defaultConfigurationIsVisible = 0;
			defaultConfigurationName = Release;
		};
/* End XCConfigurationList section */
	};
	rootObject = 8132E25924A3203C00BB2F2E /* Project object */;
}
